// !$*UTF8*$!
{
	archiveVersion = 1;
	classes = {
	};
	objectVersion = 56;
	objects = {

/* Begin PBXBuildFile section */
		1E7407362C195D6E0088432C /* NoteCalculatorApp.swift in Sources */ = {isa = PBXBuildFile; fileRef = 1E7407352C195D6E0088432C /* NoteCalculatorApp.swift */; };
		1E7407382C195D6E0088432C /* ContentView.swift in Sources */ = {isa = PBXBuildFile; fileRef = 1E7407372C195D6E0088432C /* ContentView.swift */; };
		1E74073A2C195D6E0088432C /* Item.swift in Sources */ = {isa = PBXBuildFile; fileRef = 1E7407392C195D6E0088432C /* Item.swift */; };
		1E74073C2C195D6F0088432C /* Assets.xcassets in Resources */ = {isa = PBXBuildFile; fileRef = 1E74073B2C195D6F0088432C /* Assets.xcassets */; };
		1E7407402C195D6F0088432C /* Preview Assets.xcassets in Resources */ = {isa = PBXBuildFile; fileRef = 1E74073F2C195D6F0088432C /* Preview Assets.xcassets */; };
		1E74074A2C195D700088432C /* NoteCalculatorTests.swift in Sources */ = {isa = PBXBuildFile; fileRef = 1E7407492C195D700088432C /* NoteCalculatorTests.swift */; };
		1E7407542C195D700088432C /* NoteCalculatorUITests.swift in Sources */ = {isa = PBXBuildFile; fileRef = 1E7407532C195D700088432C /* NoteCalculatorUITests.swift */; };
		1E7407562C195D700088432C /* NoteCalculatorUITestsLaunchTests.swift in Sources */ = {isa = PBXBuildFile; fileRef = 1E7407552C195D700088432C /* NoteCalculatorUITestsLaunchTests.swift */; };
/* End PBXBuildFile section */

/* Begin PBXContainerItemProxy section */
		1E7407462C195D700088432C /* PBXContainerItemProxy */ = {
			isa = PBXContainerItemProxy;
			containerPortal = 1E74072A2C195D6E0088432C /* Project object */;
			proxyType = 1;
			remoteGlobalIDString = 1E7407312C195D6E0088432C;
			remoteInfo = NoteCalculator;
		};
		1E7407502C195D700088432C /* PBXContainerItemProxy */ = {
			isa = PBXContainerItemProxy;
			containerPortal = 1E74072A2C195D6E0088432C /* Project object */;
			proxyType = 1;
			remoteGlobalIDString = 1E7407312C195D6E0088432C;
			remoteInfo = NoteCalculator;
		};
/* End PBXContainerItemProxy section */

/* Begin PBXFileReference section */
		1E7407322C195D6E0088432C /* NoteCalculator.app */ = {isa = PBXFileReference; explicitFileType = wrapper.application; includeInIndex = 0; path = NoteCalculator.app; sourceTree = BUILT_PRODUCTS_DIR; };
		1E7407352C195D6E0088432C /* NoteCalculatorApp.swift */ = {isa = PBXFileReference; lastKnownFileType = sourcecode.swift; path = NoteCalculatorApp.swift; sourceTree = "<group>"; };
		1E7407372C195D6E0088432C /* ContentView.swift */ = {isa = PBXFileReference; lastKnownFileType = sourcecode.swift; path = ContentView.swift; sourceTree = "<group>"; };
		1E7407392C195D6E0088432C /* Item.swift */ = {isa = PBXFileReference; lastKnownFileType = sourcecode.swift; path = Item.swift; sourceTree = "<group>"; };
		1E74073B2C195D6F0088432C /* Assets.xcassets */ = {isa = PBXFileReference; lastKnownFileType = folder.assetcatalog; path = Assets.xcassets; sourceTree = "<group>"; };
		1E74073D2C195D6F0088432C /* NoteCalculator.entitlements */ = {isa = PBXFileReference; lastKnownFileType = text.plist.entitlements; path = NoteCalculator.entitlements; sourceTree = "<group>"; };
		1E74073F2C195D6F0088432C /* Preview Assets.xcassets */ = {isa = PBXFileReference; lastKnownFileType = folder.assetcatalog; path = "Preview Assets.xcassets"; sourceTree = "<group>"; };
		1E7407452C195D700088432C /* NoteCalculatorTests.xctest */ = {isa = PBXFileReference; explicitFileType = wrapper.cfbundle; includeInIndex = 0; path = NoteCalculatorTests.xctest; sourceTree = BUILT_PRODUCTS_DIR; };
		1E7407492C195D700088432C /* NoteCalculatorTests.swift */ = {isa = PBXFileReference; lastKnownFileType = sourcecode.swift; path = NoteCalculatorTests.swift; sourceTree = "<group>"; };
		1E74074F2C195D700088432C /* NoteCalculatorUITests.xctest */ = {isa = PBXFileReference; explicitFileType = wrapper.cfbundle; includeInIndex = 0; path = NoteCalculatorUITests.xctest; sourceTree = BUILT_PRODUCTS_DIR; };
		1E7407532C195D700088432C /* NoteCalculatorUITests.swift */ = {isa = PBXFileReference; lastKnownFileType = sourcecode.swift; path = NoteCalculatorUITests.swift; sourceTree = "<group>"; };
		1E7407552C195D700088432C /* NoteCalculatorUITestsLaunchTests.swift */ = {isa = PBXFileReference; lastKnownFileType = sourcecode.swift; path = NoteCalculatorUITestsLaunchTests.swift; sourceTree = "<group>"; };
/* End PBXFileReference section */

/* Begin PBXFrameworksBuildPhase section */
		1E74072F2C195D6E0088432C /* Frameworks */ = {
			isa = PBXFrameworksBuildPhase;
			buildActionMask = 2147483647;
			files = (
			);
			runOnlyForDeploymentPostprocessing = 0;
		};
		1E7407422C195D700088432C /* Frameworks */ = {
			isa = PBXFrameworksBuildPhase;
			buildActionMask = 2147483647;
			files = (
			);
			runOnlyForDeploymentPostprocessing = 0;
		};
		1E74074C2C195D700088432C /* Frameworks */ = {
			isa = PBXFrameworksBuildPhase;
			buildActionMask = 2147483647;
			files = (
			);
			runOnlyForDeploymentPostprocessing = 0;
		};
/* End PBXFrameworksBuildPhase section */

/* Begin PBXGroup section */
		1E7407292C195D6E0088432C = {
			isa = PBXGroup;
			children = (
				1E7407342C195D6E0088432C /* NoteCalculator */,
				1E7407482C195D700088432C /* NoteCalculatorTests */,
				1E7407522C195D700088432C /* NoteCalculatorUITests */,
				1E7407332C195D6E0088432C /* Products */,
			);
			sourceTree = "<group>";
		};
		1E7407332C195D6E0088432C /* Products */ = {
			isa = PBXGroup;
			children = (
				1E7407322C195D6E0088432C /* NoteCalculator.app */,
				1E7407452C195D700088432C /* NoteCalculatorTests.xctest */,
				1E74074F2C195D700088432C /* NoteCalculatorUITests.xctest */,
			);
			name = Products;
			sourceTree = "<group>";
		};
		1E7407342C195D6E0088432C /* NoteCalculator */ = {
			isa = PBXGroup;
			children = (
				1E7407352C195D6E0088432C /* NoteCalculatorApp.swift */,
				1E7407372C195D6E0088432C /* ContentView.swift */,
				1E7407392C195D6E0088432C /* Item.swift */,
				1E74073B2C195D6F0088432C /* Assets.xcassets */,
				1E74073D2C195D6F0088432C /* NoteCalculator.entitlements */,
				1E74073E2C195D6F0088432C /* Preview Content */,
			);
			path = NoteCalculator;
			sourceTree = "<group>";
		};
		1E74073E2C195D6F0088432C /* Preview Content */ = {
			isa = PBXGroup;
			children = (
				1E74073F2C195D6F0088432C /* Preview Assets.xcassets */,
			);
			path = "Preview Content";
			sourceTree = "<group>";
		};
		1E7407482C195D700088432C /* NoteCalculatorTests */ = {
			isa = PBXGroup;
			children = (
				1E7407492C195D700088432C /* NoteCalculatorTests.swift */,
			);
			path = NoteCalculatorTests;
			sourceTree = "<group>";
		};
		1E7407522C195D700088432C /* NoteCalculatorUITests */ = {
			isa = PBXGroup;
			children = (
				1E7407532C195D700088432C /* NoteCalculatorUITests.swift */,
				1E7407552C195D700088432C /* NoteCalculatorUITestsLaunchTests.swift */,
			);
			path = NoteCalculatorUITests;
			sourceTree = "<group>";
		};
/* End PBXGroup section */

/* Begin PBXNativeTarget section */
		1E7407312C195D6E0088432C /* NoteCalculator */ = {
			isa = PBXNativeTarget;
			buildConfigurationList = 1E7407592C195D700088432C /* Build configuration list for PBXNativeTarget "NoteCalculator" */;
			buildPhases = (
				1E74072E2C195D6E0088432C /* Sources */,
				1E74072F2C195D6E0088432C /* Frameworks */,
				1E7407302C195D6E0088432C /* Resources */,
			);
			buildRules = (
			);
			dependencies = (
			);
			name = NoteCalculator;
			productName = NoteCalculator;
			productReference = 1E7407322C195D6E0088432C /* NoteCalculator.app */;
			productType = "com.apple.product-type.application";
		};
		1E7407442C195D700088432C /* NoteCalculatorTests */ = {
			isa = PBXNativeTarget;
			buildConfigurationList = 1E74075C2C195D700088432C /* Build configuration list for PBXNativeTarget "NoteCalculatorTests" */;
			buildPhases = (
				1E7407412C195D700088432C /* Sources */,
				1E7407422C195D700088432C /* Frameworks */,
				1E7407432C195D700088432C /* Resources */,
			);
			buildRules = (
			);
			dependencies = (
				1E7407472C195D700088432C /* PBXTargetDependency */,
			);
			name = NoteCalculatorTests;
			productName = NoteCalculatorTests;
			productReference = 1E7407452C195D700088432C /* NoteCalculatorTests.xctest */;
			productType = "com.apple.product-type.bundle.unit-test";
		};
		1E74074E2C195D700088432C /* NoteCalculatorUITests */ = {
			isa = PBXNativeTarget;
			buildConfigurationList = 1E74075F2C195D700088432C /* Build configuration list for PBXNativeTarget "NoteCalculatorUITests" */;
			buildPhases = (
				1E74074B2C195D700088432C /* Sources */,
				1E74074C2C195D700088432C /* Frameworks */,
				1E74074D2C195D700088432C /* Resources */,
			);
			buildRules = (
			);
			dependencies = (
				1E7407512C195D700088432C /* PBXTargetDependency */,
			);
			name = NoteCalculatorUITests;
			productName = NoteCalculatorUITests;
			productReference = 1E74074F2C195D700088432C /* NoteCalculatorUITests.xctest */;
			productType = "com.apple.product-type.bundle.ui-testing";
		};
/* End PBXNativeTarget section */

/* Begin PBXProject section */
		1E74072A2C195D6E0088432C /* Project object */ = {
			isa = PBXProject;
			attributes = {
				BuildIndependentTargetsInParallel = 1;
				LastSwiftUpdateCheck = 1540;
				LastUpgradeCheck = 1540;
				TargetAttributes = {
					1E7407312C195D6E0088432C = {
						CreatedOnToolsVersion = 15.4;
					};
					1E7407442C195D700088432C = {
						CreatedOnToolsVersion = 15.4;
						TestTargetID = 1E7407312C195D6E0088432C;
					};
					1E74074E2C195D700088432C = {
						CreatedOnToolsVersion = 15.4;
						TestTargetID = 1E7407312C195D6E0088432C;
					};
				};
			};
			buildConfigurationList = 1E74072D2C195D6E0088432C /* Build configuration list for PBXProject "NoteCalculator" */;
			compatibilityVersion = "Xcode 14.0";
			developmentRegion = en;
			hasScannedForEncodings = 0;
			knownRegions = (
				en,
				Base,
			);
			mainGroup = 1E7407292C195D6E0088432C;
			productRefGroup = 1E7407332C195D6E0088432C /* Products */;
			projectDirPath = "";
			projectRoot = "";
			targets = (
				1E7407312C195D6E0088432C /* NoteCalculator */,
				1E7407442C195D700088432C /* NoteCalculatorTests */,
				1E74074E2C195D700088432C /* NoteCalculatorUITests */,
			);
		};
/* End PBXProject section */

/* Begin PBXResourcesBuildPhase section */
		1E7407302C195D6E0088432C /* Resources */ = {
			isa = PBXResourcesBuildPhase;
			buildActionMask = 2147483647;
			files = (
				1E7407402C195D6F0088432C /* Preview Assets.xcassets in Resources */,
				1E74073C2C195D6F0088432C /* Assets.xcassets in Resources */,
			);
			runOnlyForDeploymentPostprocessing = 0;
		};
		1E7407432C195D700088432C /* Resources */ = {
			isa = PBXResourcesBuildPhase;
			buildActionMask = 2147483647;
			files = (
			);
			runOnlyForDeploymentPostprocessing = 0;
		};
		1E74074D2C195D700088432C /* Resources */ = {
			isa = PBXResourcesBuildPhase;
			buildActionMask = 2147483647;
			files = (
			);
			runOnlyForDeploymentPostprocessing = 0;
		};
/* End PBXResourcesBuildPhase section */

/* Begin PBXSourcesBuildPhase section */
		1E74072E2C195D6E0088432C /* Sources */ = {
			isa = PBXSourcesBuildPhase;
			buildActionMask = 2147483647;
			files = (
				1E7407382C195D6E0088432C /* ContentView.swift in Sources */,
				1E74073A2C195D6E0088432C /* Item.swift in Sources */,
				1E7407362C195D6E0088432C /* NoteCalculatorApp.swift in Sources */,
			);
			runOnlyForDeploymentPostprocessing = 0;
		};
		1E7407412C195D700088432C /* Sources */ = {
			isa = PBXSourcesBuildPhase;
			buildActionMask = 2147483647;
			files = (
				1E74074A2C195D700088432C /* NoteCalculatorTests.swift in Sources */,
			);
			runOnlyForDeploymentPostprocessing = 0;
		};
		1E74074B2C195D700088432C /* Sources */ = {
			isa = PBXSourcesBuildPhase;
			buildActionMask = 2147483647;
			files = (
				1E7407562C195D700088432C /* NoteCalculatorUITestsLaunchTests.swift in Sources */,
				1E7407542C195D700088432C /* NoteCalculatorUITests.swift in Sources */,
			);
			runOnlyForDeploymentPostprocessing = 0;
		};
/* End PBXSourcesBuildPhase section */

/* Begin PBXTargetDependency section */
		1E7407472C195D700088432C /* PBXTargetDependency */ = {
			isa = PBXTargetDependency;
			target = 1E7407312C195D6E0088432C /* NoteCalculator */;
			targetProxy = 1E7407462C195D700088432C /* PBXContainerItemProxy */;
		};
		1E7407512C195D700088432C /* PBXTargetDependency */ = {
			isa = PBXTargetDependency;
			target = 1E7407312C195D6E0088432C /* NoteCalculator */;
			targetProxy = 1E7407502C195D700088432C /* PBXContainerItemProxy */;
		};
/* End PBXTargetDependency section */

/* Begin XCBuildConfiguration section */
		1E7407572C195D700088432C /* Debug */ = {
			isa = XCBuildConfiguration;
			buildSettings = {
				ALWAYS_SEARCH_USER_PATHS = NO;
				ASSETCATALOG_COMPILER_GENERATE_SWIFT_ASSET_SYMBOL_EXTENSIONS = YES;
				CLANG_ANALYZER_NONNULL = YES;
				CLANG_ANALYZER_NUMBER_OBJECT_CONVERSION = YES_AGGRESSIVE;
				CLANG_CXX_LANGUAGE_STANDARD = "gnu++20";
				CLANG_ENABLE_MODULES = YES;
				CLANG_ENABLE_OBJC_ARC = YES;
				CLANG_ENABLE_OBJC_WEAK = YES;
				CLANG_WARN_BLOCK_CAPTURE_AUTORELEASING = YES;
				CLANG_WARN_BOOL_CONVERSION = YES;
				CLANG_WARN_COMMA = YES;
				CLANG_WARN_CONSTANT_CONVERSION = YES;
				CLANG_WARN_DEPRECATED_OBJC_IMPLEMENTATIONS = YES;
				CLANG_WARN_DIRECT_OBJC_ISA_USAGE = YES_ERROR;
				CLANG_WARN_DOCUMENTATION_COMMENTS = YES;
				CLANG_WARN_EMPTY_BODY = YES;
				CLANG_WARN_ENUM_CONVERSION = YES;
				CLANG_WARN_INFINITE_RECURSION = YES;
				CLANG_WARN_INT_CONVERSION = YES;
				CLANG_WARN_NON_LITERAL_NULL_CONVERSION = YES;
				CLANG_WARN_OBJC_IMPLICIT_RETAIN_SELF = YES;
				CLANG_WARN_OBJC_LITERAL_CONVERSION = YES;
				CLANG_WARN_OBJC_ROOT_CLASS = YES_ERROR;
				CLANG_WARN_QUOTED_INCLUDE_IN_FRAMEWORK_HEADER = YES;
				CLANG_WARN_RANGE_LOOP_ANALYSIS = YES;
				CLANG_WARN_STRICT_PROTOTYPES = YES;
				CLANG_WARN_SUSPICIOUS_MOVE = YES;
				CLANG_WARN_UNGUARDED_AVAILABILITY = YES_AGGRESSIVE;
				CLANG_WARN_UNREACHABLE_CODE = YES;
				CLANG_WARN__DUPLICATE_METHOD_MATCH = YES;
				COPY_PHASE_STRIP = NO;
				DEBUG_INFORMATION_FORMAT = dwarf;
				ENABLE_STRICT_OBJC_MSGSEND = YES;
				ENABLE_TESTABILITY = YES;
				ENABLE_USER_SCRIPT_SANDBOXING = YES;
				GCC_C_LANGUAGE_STANDARD = gnu17;
				GCC_DYNAMIC_NO_PIC = NO;
				GCC_NO_COMMON_BLOCKS = YES;
				GCC_OPTIMIZATION_LEVEL = 0;
				GCC_PREPROCESSOR_DEFINITIONS = (
					"DEBUG=1",
					"$(inherited)",
				);
				GCC_WARN_64_TO_32_BIT_CONVERSION = YES;
				GCC_WARN_ABOUT_RETURN_TYPE = YES_ERROR;
				GCC_WARN_UNDECLARED_SELECTOR = YES;
				GCC_WARN_UNINITIALIZED_AUTOS = YES_AGGRESSIVE;
				GCC_WARN_UNUSED_FUNCTION = YES;
				GCC_WARN_UNUSED_VARIABLE = YES;
				LOCALIZATION_PREFERS_STRING_CATALOGS = YES;
				MTL_ENABLE_DEBUG_INFO = INCLUDE_SOURCE;
				MTL_FAST_MATH = YES;
				ONLY_ACTIVE_ARCH = YES;
				SWIFT_ACTIVE_COMPILATION_CONDITIONS = "DEBUG $(inherited)";
				SWIFT_OPTIMIZATION_LEVEL = "-Onone";
			};
			name = Debug;
		};
		1E7407582C195D700088432C /* Release */ = {
			isa = XCBuildConfiguration;
			buildSettings = {
				ALWAYS_SEARCH_USER_PATHS = NO;
				ASSETCATALOG_COMPILER_GENERATE_SWIFT_ASSET_SYMBOL_EXTENSIONS = YES;
				CLANG_ANALYZER_NONNULL = YES;
				CLANG_ANALYZER_NUMBER_OBJECT_CONVERSION = YES_AGGRESSIVE;
				CLANG_CXX_LANGUAGE_STANDARD = "gnu++20";
				CLANG_ENABLE_MODULES = YES;
				CLANG_ENABLE_OBJC_ARC = YES;
				CLANG_ENABLE_OBJC_WEAK = YES;
				CLANG_WARN_BLOCK_CAPTURE_AUTORELEASING = YES;
				CLANG_WARN_BOOL_CONVERSION = YES;
				CLANG_WARN_COMMA = YES;
				CLANG_WARN_CONSTANT_CONVERSION = YES;
				CLANG_WARN_DEPRECATED_OBJC_IMPLEMENTATIONS = YES;
				CLANG_WARN_DIRECT_OBJC_ISA_USAGE = YES_ERROR;
				CLANG_WARN_DOCUMENTATION_COMMENTS = YES;
				CLANG_WARN_EMPTY_BODY = YES;
				CLANG_WARN_ENUM_CONVERSION = YES;
				CLANG_WARN_INFINITE_RECURSION = YES;
				CLANG_WARN_INT_CONVERSION = YES;
				CLANG_WARN_NON_LITERAL_NULL_CONVERSION = YES;
				CLANG_WARN_OBJC_IMPLICIT_RETAIN_SELF = YES;
				CLANG_WARN_OBJC_LITERAL_CONVERSION = YES;
				CLANG_WARN_OBJC_ROOT_CLASS = YES_ERROR;
				CLANG_WARN_QUOTED_INCLUDE_IN_FRAMEWORK_HEADER = YES;
				CLANG_WARN_RANGE_LOOP_ANALYSIS = YES;
				CLANG_WARN_STRICT_PROTOTYPES = YES;
				CLANG_WARN_SUSPICIOUS_MOVE = YES;
				CLANG_WARN_UNGUARDED_AVAILABILITY = YES_AGGRESSIVE;
				CLANG_WARN_UNREACHABLE_CODE = YES;
				CLANG_WARN__DUPLICATE_METHOD_MATCH = YES;
				COPY_PHASE_STRIP = NO;
				DEBUG_INFORMATION_FORMAT = "dwarf-with-dsym";
				ENABLE_NS_ASSERTIONS = NO;
				ENABLE_STRICT_OBJC_MSGSEND = YES;
				ENABLE_USER_SCRIPT_SANDBOXING = YES;
				GCC_C_LANGUAGE_STANDARD = gnu17;
				GCC_NO_COMMON_BLOCKS = YES;
				GCC_WARN_64_TO_32_BIT_CONVERSION = YES;
				GCC_WARN_ABOUT_RETURN_TYPE = YES_ERROR;
				GCC_WARN_UNDECLARED_SELECTOR = YES;
				GCC_WARN_UNINITIALIZED_AUTOS = YES_AGGRESSIVE;
				GCC_WARN_UNUSED_FUNCTION = YES;
				GCC_WARN_UNUSED_VARIABLE = YES;
				LOCALIZATION_PREFERS_STRING_CATALOGS = YES;
				MTL_ENABLE_DEBUG_INFO = NO;
				MTL_FAST_MATH = YES;
				SWIFT_COMPILATION_MODE = wholemodule;
			};
			name = Release;
		};
		1E74075A2C195D700088432C /* Debug */ = {
			isa = XCBuildConfiguration;
			buildSettings = {
				ASSETCATALOG_COMPILER_APPICON_NAME = AppIcon;
				ASSETCATALOG_COMPILER_GLOBAL_ACCENT_COLOR_NAME = AccentColor;
				CODE_SIGN_ENTITLEMENTS = NoteCalculator/NoteCalculator.entitlements;
				CODE_SIGN_STYLE = Automatic;
				CURRENT_PROJECT_VERSION = 1;
				DEVELOPMENT_ASSET_PATHS = "\"NoteCalculator/Preview Content\"";
				ENABLE_PREVIEWS = YES;
				GENERATE_INFOPLIST_FILE = YES;
				"INFOPLIST_KEY_UIApplicationSceneManifest_Generation[sdk=iphoneos*]" = YES;
				"INFOPLIST_KEY_UIApplicationSceneManifest_Generation[sdk=iphonesimulator*]" = YES;
				"INFOPLIST_KEY_UIApplicationSupportsIndirectInputEvents[sdk=iphoneos*]" = YES;
				"INFOPLIST_KEY_UIApplicationSupportsIndirectInputEvents[sdk=iphonesimulator*]" = YES;
				"INFOPLIST_KEY_UILaunchScreen_Generation[sdk=iphoneos*]" = YES;
				"INFOPLIST_KEY_UILaunchScreen_Generation[sdk=iphonesimulator*]" = YES;
				"INFOPLIST_KEY_UIStatusBarStyle[sdk=iphoneos*]" = UIStatusBarStyleDefault;
				"INFOPLIST_KEY_UIStatusBarStyle[sdk=iphonesimulator*]" = UIStatusBarStyleDefault;
				INFOPLIST_KEY_UISupportedInterfaceOrientations_iPad = "UIInterfaceOrientationPortrait UIInterfaceOrientationPortraitUpsideDown UIInterfaceOrientationLandscapeLeft UIInterfaceOrientationLandscapeRight";
				INFOPLIST_KEY_UISupportedInterfaceOrientations_iPhone = "UIInterfaceOrientationPortrait UIInterfaceOrientationLandscapeLeft UIInterfaceOrientationLandscapeRight";
				IPHONEOS_DEPLOYMENT_TARGET = 17.5;
				LD_RUNPATH_SEARCH_PATHS = "@executable_path/Frameworks";
				"LD_RUNPATH_SEARCH_PATHS[sdk=macosx*]" = "@executable_path/../Frameworks";
				MACOSX_DEPLOYMENT_TARGET = 14.0;
				MARKETING_VERSION = 1.0;
				PRODUCT_BUNDLE_IDENTIFIER = fevzi.NoteCalculator;
				PRODUCT_NAME = "$(TARGET_NAME)";
				SDKROOT = auto;
				SUPPORTED_PLATFORMS = "iphoneos iphonesimulator macosx";
				SWIFT_EMIT_LOC_STRINGS = YES;
				SWIFT_VERSION = 5.0;
				TARGETED_DEVICE_FAMILY = "1,2";
			};
			name = Debug;
		};
		1E74075B2C195D700088432C /* Release */ = {
			isa = XCBuildConfiguration;
			buildSettings = {
				ASSETCATALOG_COMPILER_APPICON_NAME = AppIcon;
				ASSETCATALOG_COMPILER_GLOBAL_ACCENT_COLOR_NAME = AccentColor;
				CODE_SIGN_ENTITLEMENTS = NoteCalculator/NoteCalculator.entitlements;
				CODE_SIGN_STYLE = Automatic;
				CURRENT_PROJECT_VERSION = 1;
				DEVELOPMENT_ASSET_PATHS = "\"NoteCalculator/Preview Content\"";
				ENABLE_PREVIEWS = YES;
				GENERATE_INFOPLIST_FILE = YES;
				"INFOPLIST_KEY_UIApplicationSceneManifest_Generation[sdk=iphoneos*]" = YES;
				"INFOPLIST_KEY_UIApplicationSceneManifest_Generation[sdk=iphonesimulator*]" = YES;
				"INFOPLIST_KEY_UIApplicationSupportsIndirectInputEvents[sdk=iphoneos*]" = YES;
				"INFOPLIST_KEY_UIApplicationSupportsIndirectInputEvents[sdk=iphonesimulator*]" = YES;
				"INFOPLIST_KEY_UILaunchScreen_Generation[sdk=iphoneos*]" = YES;
				"INFOPLIST_KEY_UILaunchScreen_Generation[sdk=iphonesimulator*]" = YES;
				"INFOPLIST_KEY_UIStatusBarStyle[sdk=iphoneos*]" = UIStatusBarStyleDefault;
				"INFOPLIST_KEY_UIStatusBarStyle[sdk=iphonesimulator*]" = UIStatusBarStyleDefault;
				INFOPLIST_KEY_UISupportedInterfaceOrientations_iPad = "UIInterfaceOrientationPortrait UIInterfaceOrientationPortraitUpsideDown UIInterfaceOrientationLandscapeLeft UIInterfaceOrientationLandscapeRight";
				INFOPLIST_KEY_UISupportedInterfaceOrientations_iPhone = "UIInterfaceOrientationPortrait UIInterfaceOrientationLandscapeLeft UIInterfaceOrientationLandscapeRight";
				IPHONEOS_DEPLOYMENT_TARGET = 17.5;
				LD_RUNPATH_SEARCH_PATHS = "@executable_path/Frameworks";
				"LD_RUNPATH_SEARCH_PATHS[sdk=macosx*]" = "@executable_path/../Frameworks";
				MACOSX_DEPLOYMENT_TARGET = 14.0;
				MARKETING_VERSION = 1.0;
				PRODUCT_BUNDLE_IDENTIFIER = fevzi.NoteCalculator;
				PRODUCT_NAME = "$(TARGET_NAME)";
				SDKROOT = auto;
				SUPPORTED_PLATFORMS = "iphoneos iphonesimulator macosx";
				SWIFT_EMIT_LOC_STRINGS = YES;
				SWIFT_VERSION = 5.0;
				TARGETED_DEVICE_FAMILY = "1,2";
			};
			name = Release;
		};
		1E74075D2C195D700088432C /* Debug */ = {
			isa = XCBuildConfiguration;
			buildSettings = {
				ALWAYS_EMBED_SWIFT_STANDARD_LIBRARIES = YES;
				BUNDLE_LOADER = "$(TEST_HOST)";
				CODE_SIGN_STYLE = Automatic;
				CURRENT_PROJECT_VERSION = 1;
				GENERATE_INFOPLIST_FILE = YES;
				IPHONEOS_DEPLOYMENT_TARGET = 17.5;
				MACOSX_DEPLOYMENT_TARGET = 14.5;
				MARKETING_VERSION = 1.0;
				PRODUCT_BUNDLE_IDENTIFIER = fevzi.NoteCalculatorTests;
				PRODUCT_NAME = "$(TARGET_NAME)";
				SDKROOT = auto;
				SUPPORTED_PLATFORMS = "iphoneos iphonesimulator macosx";
				SWIFT_EMIT_LOC_STRINGS = NO;
				SWIFT_VERSION = 5.0;
				TARGETED_DEVICE_FAMILY = "1,2";
				TEST_HOST = "$(BUILT_PRODUCTS_DIR)/NoteCalculator.app/$(BUNDLE_EXECUTABLE_FOLDER_PATH)/NoteCalculator";
			};
			name = Debug;
		};
		1E74075E2C195D700088432C /* Release */ = {
			isa = XCBuildConfiguration;
			buildSettings = {
				ALWAYS_EMBED_SWIFT_STANDARD_LIBRARIES = YES;
				BUNDLE_LOADER = "$(TEST_HOST)";
				CODE_SIGN_STYLE = Automatic;
				CURRENT_PROJECT_VERSION = 1;
				GENERATE_INFOPLIST_FILE = YES;
				IPHONEOS_DEPLOYMENT_TARGET = 17.5;
				MACOSX_DEPLOYMENT_TARGET = 14.5;
				MARKETING_VERSION = 1.0;
				PRODUCT_BUNDLE_IDENTIFIER = fevzi.NoteCalculatorTests;
				PRODUCT_NAME = "$(TARGET_NAME)";
				SDKROOT = auto;
				SUPPORTED_PLATFORMS = "iphoneos iphonesimulator macosx";
				SWIFT_EMIT_LOC_STRINGS = NO;
				SWIFT_VERSION = 5.0;
				TARGETED_DEVICE_FAMILY = "1,2";
				TEST_HOST = "$(BUILT_PRODUCTS_DIR)/NoteCalculator.app/$(BUNDLE_EXECUTABLE_FOLDER_PATH)/NoteCalculator";
			};
			name = Release;
		};
		1E7407602C195D700088432C /* Debug */ = {
			isa = XCBuildConfiguration;
			buildSettings = {
				ALWAYS_EMBED_SWIFT_STANDARD_LIBRARIES = YES;
				CODE_SIGN_STYLE = Automatic;
				CURRENT_PROJECT_VERSION = 1;
				GENERATE_INFOPLIST_FILE = YES;
				IPHONEOS_DEPLOYMENT_TARGET = 17.5;
				MACOSX_DEPLOYMENT_TARGET = 14.5;
				MARKETING_VERSION = 1.0;
				PRODUCT_BUNDLE_IDENTIFIER = fevzi.NoteCalculatorUITests;
				PRODUCT_NAME = "$(TARGET_NAME)";
				SDKROOT = auto;
				SUPPORTED_PLATFORMS = "iphoneos iphonesimulator macosx";
				SWIFT_EMIT_LOC_STRINGS = NO;
				SWIFT_VERSION = 5.0;
				TARGETED_DEVICE_FAMILY = "1,2";
				TEST_TARGET_NAME = NoteCalculator;
			};
			name = Debug;
		};
		1E7407612C195D700088432C /* Release */ = {
			isa = XCBuildConfiguration;
			buildSettings = {
				ALWAYS_EMBED_SWIFT_STANDARD_LIBRARIES = YES;
				CODE_SIGN_STYLE = Automatic;
				CURRENT_PROJECT_VERSION = 1;
				GENERATE_INFOPLIST_FILE = YES;
				IPHONEOS_DEPLOYMENT_TARGET = 17.5;
				MACOSX_DEPLOYMENT_TARGET = 14.5;
				MARKETING_VERSION = 1.0;
				PRODUCT_BUNDLE_IDENTIFIER = fevzi.NoteCalculatorUITests;
				PRODUCT_NAME = "$(TARGET_NAME)";
				SDKROOT = auto;
				SUPPORTED_PLATFORMS = "iphoneos iphonesimulator macosx";
				SWIFT_EMIT_LOC_STRINGS = NO;
				SWIFT_VERSION = 5.0;
				TARGETED_DEVICE_FAMILY = "1,2";
				TEST_TARGET_NAME = NoteCalculator;
			};
			name = Release;
		};
/* End XCBuildConfiguration section */

/* Begin XCConfigurationList section */
		1E74072D2C195D6E0088432C /* Build configuration list for PBXProject "NoteCalculator" */ = {
			isa = XCConfigurationList;
			buildConfigurations = (
				1E7407572C195D700088432C /* Debug */,
				1E7407582C195D700088432C /* Release */,
			);
			defaultConfigurationIsVisible = 0;
			defaultConfigurationName = Release;
		};
		1E7407592C195D700088432C /* Build configuration list for PBXNativeTarget "NoteCalculator" */ = {
			isa = XCConfigurationList;
			buildConfigurations = (
				1E74075A2C195D700088432C /* Debug */,
				1E74075B2C195D700088432C /* Release */,
			);
			defaultConfigurationIsVisible = 0;
			defaultConfigurationName = Release;
		};
		1E74075C2C195D700088432C /* Build configuration list for PBXNativeTarget "NoteCalculatorTests" */ = {
			isa = XCConfigurationList;
			buildConfigurations = (
				1E74075D2C195D700088432C /* Debug */,
				1E74075E2C195D700088432C /* Release */,
			);
			defaultConfigurationIsVisible = 0;
			defaultConfigurationName = Release;
		};
		1E74075F2C195D700088432C /* Build configuration list for PBXNativeTarget "NoteCalculatorUITests" */ = {
			isa = XCConfigurationList;
			buildConfigurations = (
				1E7407602C195D700088432C /* Debug */,
				1E7407612C195D700088432C /* Release */,
			);
			defaultConfigurationIsVisible = 0;
			defaultConfigurationName = Release;
		};
/* End XCConfigurationList section */
	};
	rootObject = 1E74072A2C195D6E0088432C /* Project object */;
}
